// !$*UTF8*$!
{
	archiveVersion = 1;
	classes = {
	};
	objectVersion = 51;
	objects = {

/* Begin PBXBuildFile section */
		916D578827D5F907BBB8F191 /* Pods_Program_Scheduler.framework in Frameworks */ = {isa = PBXBuildFile; fileRef = B46D8F69D25A86F101D5D128 /* Pods_Program_Scheduler.framework */; };
		B274C85BFDE41CDD7D44A991 /* Pods_Program_Scheduler_Program_SchedulerUITests.framework in Frameworks */ = {isa = PBXBuildFile; fileRef = 9CF8E309F5DB3BEBED841BBD /* Pods_Program_Scheduler_Program_SchedulerUITests.framework */; };
		B927506988E1DB971B51A095 /* Pods_Program_SchedulerTests.framework in Frameworks */ = {isa = PBXBuildFile; fileRef = 2780D819A831FF00F7C17806 /* Pods_Program_SchedulerTests.framework */; };
		C38A0D2924BE1B9600330524 /* Event.m in Sources */ = {isa = PBXBuildFile; fileRef = C38A0D2824BE1B9600330524 /* Event.m */; };
		C38A0D2C24BE36E700330524 /* Flow.m in Sources */ = {isa = PBXBuildFile; fileRef = C38A0D2B24BE36E700330524 /* Flow.m */; };
		C39DBD3F24BCCF0D00FEBFCA /* AppDelegate.m in Sources */ = {isa = PBXBuildFile; fileRef = C39DBD3E24BCCF0D00FEBFCA /* AppDelegate.m */; };
		C39DBD4224BCCF0D00FEBFCA /* SceneDelegate.m in Sources */ = {isa = PBXBuildFile; fileRef = C39DBD4124BCCF0D00FEBFCA /* SceneDelegate.m */; };
		C39DBD4524BCCF0D00FEBFCA /* ViewController.m in Sources */ = {isa = PBXBuildFile; fileRef = C39DBD4424BCCF0D00FEBFCA /* ViewController.m */; };
		C39DBD4824BCCF0D00FEBFCA /* Main.storyboard in Resources */ = {isa = PBXBuildFile; fileRef = C39DBD4624BCCF0D00FEBFCA /* Main.storyboard */; };
		C39DBD4A24BCCF0E00FEBFCA /* Assets.xcassets in Resources */ = {isa = PBXBuildFile; fileRef = C39DBD4924BCCF0E00FEBFCA /* Assets.xcassets */; };
		C39DBD4D24BCCF0E00FEBFCA /* LaunchScreen.storyboard in Resources */ = {isa = PBXBuildFile; fileRef = C39DBD4B24BCCF0E00FEBFCA /* LaunchScreen.storyboard */; };
		C39DBD5024BCCF0E00FEBFCA /* main.m in Sources */ = {isa = PBXBuildFile; fileRef = C39DBD4F24BCCF0E00FEBFCA /* main.m */; };
		C39DBD5A24BCCF0E00FEBFCA /* Program_SchedulerTests.m in Sources */ = {isa = PBXBuildFile; fileRef = C39DBD5924BCCF0E00FEBFCA /* Program_SchedulerTests.m */; };
		C39DBD6524BCCF0E00FEBFCA /* Program_SchedulerUITests.m in Sources */ = {isa = PBXBuildFile; fileRef = C39DBD6424BCCF0E00FEBFCA /* Program_SchedulerUITests.m */; };
		C39DBD7524BCD78100FEBFCA /* LoginViewController.m in Sources */ = {isa = PBXBuildFile; fileRef = C39DBD7424BCD78100FEBFCA /* LoginViewController.m */; };
		C39DBD7824BCE5B600FEBFCA /* SignUpViewController.m in Sources */ = {isa = PBXBuildFile; fileRef = C39DBD7724BCE5B600FEBFCA /* SignUpViewController.m */; };
		C39DBD7B24BCE63600FEBFCA /* SignUpViewController.m in Sources */ = {isa = PBXBuildFile; fileRef = C39DBD7A24BCE63600FEBFCA /* SignUpViewController.m */; };
		C39DBD7E24BCE78E00FEBFCA /* TimelineViewController.m in Sources */ = {isa = PBXBuildFile; fileRef = C39DBD7D24BCE78E00FEBFCA /* TimelineViewController.m */; };
/* End PBXBuildFile section */

/* Begin PBXContainerItemProxy section */
		C39DBD5624BCCF0E00FEBFCA /* PBXContainerItemProxy */ = {
			isa = PBXContainerItemProxy;
			containerPortal = C39DBD3224BCCF0D00FEBFCA /* Project object */;
			proxyType = 1;
			remoteGlobalIDString = C39DBD3924BCCF0D00FEBFCA;
			remoteInfo = Program_Scheduler;
		};
		C39DBD6124BCCF0E00FEBFCA /* PBXContainerItemProxy */ = {
			isa = PBXContainerItemProxy;
			containerPortal = C39DBD3224BCCF0D00FEBFCA /* Project object */;
			proxyType = 1;
			remoteGlobalIDString = C39DBD3924BCCF0D00FEBFCA;
			remoteInfo = Program_Scheduler;
		};
/* End PBXContainerItemProxy section */

/* Begin PBXFileReference section */
		14178CC553280D828BFF55CE /* Pods-Program_Scheduler-Program_SchedulerUITests.release.xcconfig */ = {isa = PBXFileReference; includeInIndex = 1; lastKnownFileType = text.xcconfig; name = "Pods-Program_Scheduler-Program_SchedulerUITests.release.xcconfig"; path = "Target Support Files/Pods-Program_Scheduler-Program_SchedulerUITests/Pods-Program_Scheduler-Program_SchedulerUITests.release.xcconfig"; sourceTree = "<group>"; };
		14FB070E9917C554336D5548 /* Pods-Program_Scheduler.release.xcconfig */ = {isa = PBXFileReference; includeInIndex = 1; lastKnownFileType = text.xcconfig; name = "Pods-Program_Scheduler.release.xcconfig"; path = "Target Support Files/Pods-Program_Scheduler/Pods-Program_Scheduler.release.xcconfig"; sourceTree = "<group>"; };
		2375B1045B7035EE4945D81D /* Pods-Program_Scheduler.debug.xcconfig */ = {isa = PBXFileReference; includeInIndex = 1; lastKnownFileType = text.xcconfig; name = "Pods-Program_Scheduler.debug.xcconfig"; path = "Target Support Files/Pods-Program_Scheduler/Pods-Program_Scheduler.debug.xcconfig"; sourceTree = "<group>"; };
		2780D819A831FF00F7C17806 /* Pods_Program_SchedulerTests.framework */ = {isa = PBXFileReference; explicitFileType = wrapper.framework; includeInIndex = 0; path = Pods_Program_SchedulerTests.framework; sourceTree = BUILT_PRODUCTS_DIR; };
		3454A5F9DE5AA44F6D28B8F1 /* Pods-Program_SchedulerTests.release.xcconfig */ = {isa = PBXFileReference; includeInIndex = 1; lastKnownFileType = text.xcconfig; name = "Pods-Program_SchedulerTests.release.xcconfig"; path = "Target Support Files/Pods-Program_SchedulerTests/Pods-Program_SchedulerTests.release.xcconfig"; sourceTree = "<group>"; };
		59CA19CE66A7A5A79BEEBF18 /* Pods-Program_SchedulerTests.debug.xcconfig */ = {isa = PBXFileReference; includeInIndex = 1; lastKnownFileType = text.xcconfig; name = "Pods-Program_SchedulerTests.debug.xcconfig"; path = "Target Support Files/Pods-Program_SchedulerTests/Pods-Program_SchedulerTests.debug.xcconfig"; sourceTree = "<group>"; };
		9CF8E309F5DB3BEBED841BBD /* Pods_Program_Scheduler_Program_SchedulerUITests.framework */ = {isa = PBXFileReference; explicitFileType = wrapper.framework; includeInIndex = 0; path = Pods_Program_Scheduler_Program_SchedulerUITests.framework; sourceTree = BUILT_PRODUCTS_DIR; };
		A6BC7EE9AB36465943701E85 /* Pods-Program_Scheduler-Program_SchedulerUITests.debug.xcconfig */ = {isa = PBXFileReference; includeInIndex = 1; lastKnownFileType = text.xcconfig; name = "Pods-Program_Scheduler-Program_SchedulerUITests.debug.xcconfig"; path = "Target Support Files/Pods-Program_Scheduler-Program_SchedulerUITests/Pods-Program_Scheduler-Program_SchedulerUITests.debug.xcconfig"; sourceTree = "<group>"; };
		B46D8F69D25A86F101D5D128 /* Pods_Program_Scheduler.framework */ = {isa = PBXFileReference; explicitFileType = wrapper.framework; includeInIndex = 0; path = Pods_Program_Scheduler.framework; sourceTree = BUILT_PRODUCTS_DIR; };
		C38A0D2724BE1B9600330524 /* Event.h */ = {isa = PBXFileReference; lastKnownFileType = sourcecode.c.h; path = Event.h; sourceTree = "<group>"; };
		C38A0D2824BE1B9600330524 /* Event.m */ = {isa = PBXFileReference; lastKnownFileType = sourcecode.c.objc; path = Event.m; sourceTree = "<group>"; };
		C38A0D2A24BE36E700330524 /* Flow.h */ = {isa = PBXFileReference; lastKnownFileType = sourcecode.c.h; path = Flow.h; sourceTree = "<group>"; };
		C38A0D2B24BE36E700330524 /* Flow.m */ = {isa = PBXFileReference; lastKnownFileType = sourcecode.c.objc; path = Flow.m; sourceTree = "<group>"; };
		C39DBD3A24BCCF0D00FEBFCA /* Program_Scheduler.app */ = {isa = PBXFileReference; explicitFileType = wrapper.application; includeInIndex = 0; path = Program_Scheduler.app; sourceTree = BUILT_PRODUCTS_DIR; };
		C39DBD3D24BCCF0D00FEBFCA /* AppDelegate.h */ = {isa = PBXFileReference; lastKnownFileType = sourcecode.c.h; path = AppDelegate.h; sourceTree = "<group>"; };
		C39DBD3E24BCCF0D00FEBFCA /* AppDelegate.m */ = {isa = PBXFileReference; lastKnownFileType = sourcecode.c.objc; path = AppDelegate.m; sourceTree = "<group>"; };
		C39DBD4024BCCF0D00FEBFCA /* SceneDelegate.h */ = {isa = PBXFileReference; lastKnownFileType = sourcecode.c.h; path = SceneDelegate.h; sourceTree = "<group>"; };
		C39DBD4124BCCF0D00FEBFCA /* SceneDelegate.m */ = {isa = PBXFileReference; lastKnownFileType = sourcecode.c.objc; path = SceneDelegate.m; sourceTree = "<group>"; };
		C39DBD4324BCCF0D00FEBFCA /* ViewController.h */ = {isa = PBXFileReference; lastKnownFileType = sourcecode.c.h; path = ViewController.h; sourceTree = "<group>"; };
		C39DBD4424BCCF0D00FEBFCA /* ViewController.m */ = {isa = PBXFileReference; lastKnownFileType = sourcecode.c.objc; path = ViewController.m; sourceTree = "<group>"; };
		C39DBD4724BCCF0D00FEBFCA /* Base */ = {isa = PBXFileReference; lastKnownFileType = file.storyboard; name = Base; path = Base.lproj/Main.storyboard; sourceTree = "<group>"; };
		C39DBD4924BCCF0E00FEBFCA /* Assets.xcassets */ = {isa = PBXFileReference; lastKnownFileType = folder.assetcatalog; path = Assets.xcassets; sourceTree = "<group>"; };
		C39DBD4C24BCCF0E00FEBFCA /* Base */ = {isa = PBXFileReference; lastKnownFileType = file.storyboard; name = Base; path = Base.lproj/LaunchScreen.storyboard; sourceTree = "<group>"; };
		C39DBD4E24BCCF0E00FEBFCA /* Info.plist */ = {isa = PBXFileReference; lastKnownFileType = text.plist.xml; path = Info.plist; sourceTree = "<group>"; };
		C39DBD4F24BCCF0E00FEBFCA /* main.m */ = {isa = PBXFileReference; lastKnownFileType = sourcecode.c.objc; path = main.m; sourceTree = "<group>"; };
		C39DBD5524BCCF0E00FEBFCA /* Program_SchedulerTests.xctest */ = {isa = PBXFileReference; explicitFileType = wrapper.cfbundle; includeInIndex = 0; path = Program_SchedulerTests.xctest; sourceTree = BUILT_PRODUCTS_DIR; };
		C39DBD5924BCCF0E00FEBFCA /* Program_SchedulerTests.m */ = {isa = PBXFileReference; lastKnownFileType = sourcecode.c.objc; path = Program_SchedulerTests.m; sourceTree = "<group>"; };
		C39DBD5B24BCCF0E00FEBFCA /* Info.plist */ = {isa = PBXFileReference; lastKnownFileType = text.plist.xml; path = Info.plist; sourceTree = "<group>"; };
		C39DBD6024BCCF0E00FEBFCA /* Program_SchedulerUITests.xctest */ = {isa = PBXFileReference; explicitFileType = wrapper.cfbundle; includeInIndex = 0; path = Program_SchedulerUITests.xctest; sourceTree = BUILT_PRODUCTS_DIR; };
		C39DBD6424BCCF0E00FEBFCA /* Program_SchedulerUITests.m */ = {isa = PBXFileReference; lastKnownFileType = sourcecode.c.objc; path = Program_SchedulerUITests.m; sourceTree = "<group>"; };
		C39DBD6624BCCF0E00FEBFCA /* Info.plist */ = {isa = PBXFileReference; lastKnownFileType = text.plist.xml; path = Info.plist; sourceTree = "<group>"; };
		C39DBD7324BCD78100FEBFCA /* LoginViewController.h */ = {isa = PBXFileReference; lastKnownFileType = sourcecode.c.h; path = LoginViewController.h; sourceTree = "<group>"; };
		C39DBD7424BCD78100FEBFCA /* LoginViewController.m */ = {isa = PBXFileReference; lastKnownFileType = sourcecode.c.objc; path = LoginViewController.m; sourceTree = "<group>"; };
		C39DBD7724BCE5B600FEBFCA /* SignUpViewController.m */ = {isa = PBXFileReference; lastKnownFileType = sourcecode.c.objc; name = SignUpViewController.m; path = "View Controllers/SignUpViewController.m"; sourceTree = SOURCE_ROOT; };
		C39DBD7924BCE63600FEBFCA /* SignUpViewController.h */ = {isa = PBXFileReference; lastKnownFileType = sourcecode.c.h; path = SignUpViewController.h; sourceTree = "<group>"; };
		C39DBD7A24BCE63600FEBFCA /* SignUpViewController.m */ = {isa = PBXFileReference; lastKnownFileType = sourcecode.c.objc; path = SignUpViewController.m; sourceTree = "<group>"; };
		C39DBD7C24BCE78E00FEBFCA /* TimelineViewController.h */ = {isa = PBXFileReference; lastKnownFileType = sourcecode.c.h; path = TimelineViewController.h; sourceTree = "<group>"; };
		C39DBD7D24BCE78E00FEBFCA /* TimelineViewController.m */ = {isa = PBXFileReference; lastKnownFileType = sourcecode.c.objc; path = TimelineViewController.m; sourceTree = "<group>"; };
/* End PBXFileReference section */

/* Begin PBXFrameworksBuildPhase section */
		C39DBD3724BCCF0D00FEBFCA /* Frameworks */ = {
			isa = PBXFrameworksBuildPhase;
			buildActionMask = 2147483647;
			files = (
				916D578827D5F907BBB8F191 /* Pods_Program_Scheduler.framework in Frameworks */,
			);
			runOnlyForDeploymentPostprocessing = 0;
		};
		C39DBD5224BCCF0E00FEBFCA /* Frameworks */ = {
			isa = PBXFrameworksBuildPhase;
			buildActionMask = 2147483647;
			files = (
				B927506988E1DB971B51A095 /* Pods_Program_SchedulerTests.framework in Frameworks */,
			);
			runOnlyForDeploymentPostprocessing = 0;
		};
		C39DBD5D24BCCF0E00FEBFCA /* Frameworks */ = {
			isa = PBXFrameworksBuildPhase;
			buildActionMask = 2147483647;
			files = (
				B274C85BFDE41CDD7D44A991 /* Pods_Program_Scheduler_Program_SchedulerUITests.framework in Frameworks */,
			);
			runOnlyForDeploymentPostprocessing = 0;
		};
/* End PBXFrameworksBuildPhase section */

/* Begin PBXGroup section */
		C38A0D2624BE1A7200330524 /* Models */ = {
			isa = PBXGroup;
			children = (
				C38A0D2724BE1B9600330524 /* Event.h */,
				C38A0D2824BE1B9600330524 /* Event.m */,
				C38A0D2A24BE36E700330524 /* Flow.h */,
				C38A0D2B24BE36E700330524 /* Flow.m */,
			);
			path = Models;
			sourceTree = "<group>";
		};
		C39DBD3124BCCF0D00FEBFCA = {
			isa = PBXGroup;
			children = (
				C39DBD7224BCD75600FEBFCA /* View Controllers */,
				C39DBD3C24BCCF0D00FEBFCA /* Program_Scheduler */,
				C39DBD5824BCCF0E00FEBFCA /* Program_SchedulerTests */,
				C39DBD6324BCCF0E00FEBFCA /* Program_SchedulerUITests */,
				C39DBD3B24BCCF0D00FEBFCA /* Products */,
				EC9D0921FB32A2C65997AB54 /* Pods */,
				CEB00AF825F438D52A101ABB /* Frameworks */,
			);
			sourceTree = "<group>";
		};
		C39DBD3B24BCCF0D00FEBFCA /* Products */ = {
			isa = PBXGroup;
			children = (
				C39DBD3A24BCCF0D00FEBFCA /* Program_Scheduler.app */,
				C39DBD5524BCCF0E00FEBFCA /* Program_SchedulerTests.xctest */,
				C39DBD6024BCCF0E00FEBFCA /* Program_SchedulerUITests.xctest */,
			);
			name = Products;
			sourceTree = "<group>";
		};
		C39DBD3C24BCCF0D00FEBFCA /* Program_Scheduler */ = {
			isa = PBXGroup;
			children = (
				C39DBD3D24BCCF0D00FEBFCA /* AppDelegate.h */,
				C39DBD3E24BCCF0D00FEBFCA /* AppDelegate.m */,
				C39DBD4024BCCF0D00FEBFCA /* SceneDelegate.h */,
				C39DBD4124BCCF0D00FEBFCA /* SceneDelegate.m */,
				C39DBD4324BCCF0D00FEBFCA /* ViewController.h */,
				C39DBD4424BCCF0D00FEBFCA /* ViewController.m */,
				C38A0D2624BE1A7200330524 /* Models */,
				C39DBD4624BCCF0D00FEBFCA /* Main.storyboard */,
				C39DBD7724BCE5B600FEBFCA /* SignUpViewController.m */,
				C39DBD4924BCCF0E00FEBFCA /* Assets.xcassets */,
				C39DBD4B24BCCF0E00FEBFCA /* LaunchScreen.storyboard */,
				C39DBD4E24BCCF0E00FEBFCA /* Info.plist */,
				C39DBD4F24BCCF0E00FEBFCA /* main.m */,
			);
			path = Program_Scheduler;
			sourceTree = "<group>";
		};
		C39DBD5824BCCF0E00FEBFCA /* Program_SchedulerTests */ = {
			isa = PBXGroup;
			children = (
				C39DBD5924BCCF0E00FEBFCA /* Program_SchedulerTests.m */,
				C39DBD5B24BCCF0E00FEBFCA /* Info.plist */,
			);
			path = Program_SchedulerTests;
			sourceTree = "<group>";
		};
		C39DBD6324BCCF0E00FEBFCA /* Program_SchedulerUITests */ = {
			isa = PBXGroup;
			children = (
				C39DBD6424BCCF0E00FEBFCA /* Program_SchedulerUITests.m */,
				C39DBD6624BCCF0E00FEBFCA /* Info.plist */,
			);
			path = Program_SchedulerUITests;
			sourceTree = "<group>";
		};
		C39DBD7224BCD75600FEBFCA /* View Controllers */ = {
			isa = PBXGroup;
			children = (
				C39DBD7C24BCE78E00FEBFCA /* TimelineViewController.h */,
				C39DBD7D24BCE78E00FEBFCA /* TimelineViewController.m */,
				C39DBD7924BCE63600FEBFCA /* SignUpViewController.h */,
				C39DBD7A24BCE63600FEBFCA /* SignUpViewController.m */,
				C39DBD7324BCD78100FEBFCA /* LoginViewController.h */,
				C39DBD7424BCD78100FEBFCA /* LoginViewController.m */,
			);
			path = "View Controllers";
			sourceTree = "<group>";
		};
		CEB00AF825F438D52A101ABB /* Frameworks */ = {
			isa = PBXGroup;
			children = (
				B46D8F69D25A86F101D5D128 /* Pods_Program_Scheduler.framework */,
				9CF8E309F5DB3BEBED841BBD /* Pods_Program_Scheduler_Program_SchedulerUITests.framework */,
				2780D819A831FF00F7C17806 /* Pods_Program_SchedulerTests.framework */,
			);
			name = Frameworks;
			sourceTree = "<group>";
		};
		EC9D0921FB32A2C65997AB54 /* Pods */ = {
			isa = PBXGroup;
			children = (
				2375B1045B7035EE4945D81D /* Pods-Program_Scheduler.debug.xcconfig */,
				14FB070E9917C554336D5548 /* Pods-Program_Scheduler.release.xcconfig */,
				A6BC7EE9AB36465943701E85 /* Pods-Program_Scheduler-Program_SchedulerUITests.debug.xcconfig */,
				14178CC553280D828BFF55CE /* Pods-Program_Scheduler-Program_SchedulerUITests.release.xcconfig */,
				59CA19CE66A7A5A79BEEBF18 /* Pods-Program_SchedulerTests.debug.xcconfig */,
				3454A5F9DE5AA44F6D28B8F1 /* Pods-Program_SchedulerTests.release.xcconfig */,
			);
			path = Pods;
			sourceTree = "<group>";
		};
/* End PBXGroup section */

/* Begin PBXNativeTarget section */
		C39DBD3924BCCF0D00FEBFCA /* Program_Scheduler */ = {
			isa = PBXNativeTarget;
			buildConfigurationList = C39DBD6924BCCF0E00FEBFCA /* Build configuration list for PBXNativeTarget "Program_Scheduler" */;
			buildPhases = (
				55BC8C85097F6D2DE62E6E0B /* [CP] Check Pods Manifest.lock */,
				C39DBD3624BCCF0D00FEBFCA /* Sources */,
				C39DBD3724BCCF0D00FEBFCA /* Frameworks */,
				C39DBD3824BCCF0D00FEBFCA /* Resources */,
				B2C7A9ACDF569C92EDAB36BC /* [CP] Embed Pods Frameworks */,
			);
			buildRules = (
			);
			dependencies = (
			);
			name = Program_Scheduler;
			productName = Program_Scheduler;
			productReference = C39DBD3A24BCCF0D00FEBFCA /* Program_Scheduler.app */;
			productType = "com.apple.product-type.application";
		};
		C39DBD5424BCCF0E00FEBFCA /* Program_SchedulerTests */ = {
			isa = PBXNativeTarget;
			buildConfigurationList = C39DBD6C24BCCF0E00FEBFCA /* Build configuration list for PBXNativeTarget "Program_SchedulerTests" */;
			buildPhases = (
				D41363F34DE92361DB295D76 /* [CP] Check Pods Manifest.lock */,
				C39DBD5124BCCF0E00FEBFCA /* Sources */,
				C39DBD5224BCCF0E00FEBFCA /* Frameworks */,
				C39DBD5324BCCF0E00FEBFCA /* Resources */,
			);
			buildRules = (
			);
			dependencies = (
				C39DBD5724BCCF0E00FEBFCA /* PBXTargetDependency */,
			);
			name = Program_SchedulerTests;
			productName = Program_SchedulerTests;
			productReference = C39DBD5524BCCF0E00FEBFCA /* Program_SchedulerTests.xctest */;
			productType = "com.apple.product-type.bundle.unit-test";
		};
		C39DBD5F24BCCF0E00FEBFCA /* Program_SchedulerUITests */ = {
			isa = PBXNativeTarget;
			buildConfigurationList = C39DBD6F24BCCF0E00FEBFCA /* Build configuration list for PBXNativeTarget "Program_SchedulerUITests" */;
			buildPhases = (
				77AE616880E3B5696F5FC441 /* [CP] Check Pods Manifest.lock */,
				C39DBD5C24BCCF0E00FEBFCA /* Sources */,
				C39DBD5D24BCCF0E00FEBFCA /* Frameworks */,
				C39DBD5E24BCCF0E00FEBFCA /* Resources */,
				ACD49B59CB76F3F1C395140A /* [CP] Embed Pods Frameworks */,
			);
			buildRules = (
			);
			dependencies = (
				C39DBD6224BCCF0E00FEBFCA /* PBXTargetDependency */,
			);
			name = Program_SchedulerUITests;
			productName = Program_SchedulerUITests;
			productReference = C39DBD6024BCCF0E00FEBFCA /* Program_SchedulerUITests.xctest */;
			productType = "com.apple.product-type.bundle.ui-testing";
		};
/* End PBXNativeTarget section */

/* Begin PBXProject section */
		C39DBD3224BCCF0D00FEBFCA /* Project object */ = {
			isa = PBXProject;
			attributes = {
				LastUpgradeCheck = 1150;
				ORGANIZATIONNAME = "Facebook University";
				TargetAttributes = {
					C39DBD3924BCCF0D00FEBFCA = {
						CreatedOnToolsVersion = 11.5;
					};
					C39DBD5424BCCF0E00FEBFCA = {
						CreatedOnToolsVersion = 11.5;
						TestTargetID = C39DBD3924BCCF0D00FEBFCA;
					};
					C39DBD5F24BCCF0E00FEBFCA = {
						CreatedOnToolsVersion = 11.5;
						TestTargetID = C39DBD3924BCCF0D00FEBFCA;
					};
				};
			};
			buildConfigurationList = C39DBD3524BCCF0D00FEBFCA /* Build configuration list for PBXProject "Program_Scheduler" */;
			compatibilityVersion = "Xcode 9.3";
			developmentRegion = en;
			hasScannedForEncodings = 0;
			knownRegions = (
				en,
				Base,
			);
			mainGroup = C39DBD3124BCCF0D00FEBFCA;
			productRefGroup = C39DBD3B24BCCF0D00FEBFCA /* Products */;
			projectDirPath = "";
			projectRoot = "";
			targets = (
				C39DBD3924BCCF0D00FEBFCA /* Program_Scheduler */,
				C39DBD5424BCCF0E00FEBFCA /* Program_SchedulerTests */,
				C39DBD5F24BCCF0E00FEBFCA /* Program_SchedulerUITests */,
			);
		};
/* End PBXProject section */

/* Begin PBXResourcesBuildPhase section */
		C39DBD3824BCCF0D00FEBFCA /* Resources */ = {
			isa = PBXResourcesBuildPhase;
			buildActionMask = 2147483647;
			files = (
				C39DBD4D24BCCF0E00FEBFCA /* LaunchScreen.storyboard in Resources */,
				C39DBD4A24BCCF0E00FEBFCA /* Assets.xcassets in Resources */,
				C39DBD4824BCCF0D00FEBFCA /* Main.storyboard in Resources */,
			);
			runOnlyForDeploymentPostprocessing = 0;
		};
		C39DBD5324BCCF0E00FEBFCA /* Resources */ = {
			isa = PBXResourcesBuildPhase;
			buildActionMask = 2147483647;
			files = (
			);
			runOnlyForDeploymentPostprocessing = 0;
		};
		C39DBD5E24BCCF0E00FEBFCA /* Resources */ = {
			isa = PBXResourcesBuildPhase;
			buildActionMask = 2147483647;
			files = (
			);
			runOnlyForDeploymentPostprocessing = 0;
		};
/* End PBXResourcesBuildPhase section */

/* Begin PBXShellScriptBuildPhase section */
		55BC8C85097F6D2DE62E6E0B /* [CP] Check Pods Manifest.lock */ = {
			isa = PBXShellScriptBuildPhase;
			buildActionMask = 2147483647;
			files = (
			);
			inputFileListPaths = (
			);
			inputPaths = (
				"${PODS_PODFILE_DIR_PATH}/Podfile.lock",
				"${PODS_ROOT}/Manifest.lock",
			);
			name = "[CP] Check Pods Manifest.lock";
			outputFileListPaths = (
			);
			outputPaths = (
				"$(DERIVED_FILE_DIR)/Pods-Program_Scheduler-checkManifestLockResult.txt",
			);
			runOnlyForDeploymentPostprocessing = 0;
			shellPath = /bin/sh;
			shellScript = "diff \"${PODS_PODFILE_DIR_PATH}/Podfile.lock\" \"${PODS_ROOT}/Manifest.lock\" > /dev/null\nif [ $? != 0 ] ; then\n    # print error to STDERR\n    echo \"error: The sandbox is not in sync with the Podfile.lock. Run 'pod install' or update your CocoaPods installation.\" >&2\n    exit 1\nfi\n# This output is used by Xcode 'outputs' to avoid re-running this script phase.\necho \"SUCCESS\" > \"${SCRIPT_OUTPUT_FILE_0}\"\n";
			showEnvVarsInLog = 0;
		};
		77AE616880E3B5696F5FC441 /* [CP] Check Pods Manifest.lock */ = {
			isa = PBXShellScriptBuildPhase;
			buildActionMask = 2147483647;
			files = (
			);
			inputFileListPaths = (
			);
			inputPaths = (
				"${PODS_PODFILE_DIR_PATH}/Podfile.lock",
				"${PODS_ROOT}/Manifest.lock",
			);
			name = "[CP] Check Pods Manifest.lock";
			outputFileListPaths = (
			);
			outputPaths = (
				"$(DERIVED_FILE_DIR)/Pods-Program_Scheduler-Program_SchedulerUITests-checkManifestLockResult.txt",
			);
			runOnlyForDeploymentPostprocessing = 0;
			shellPath = /bin/sh;
			shellScript = "diff \"${PODS_PODFILE_DIR_PATH}/Podfile.lock\" \"${PODS_ROOT}/Manifest.lock\" > /dev/null\nif [ $? != 0 ] ; then\n    # print error to STDERR\n    echo \"error: The sandbox is not in sync with the Podfile.lock. Run 'pod install' or update your CocoaPods installation.\" >&2\n    exit 1\nfi\n# This output is used by Xcode 'outputs' to avoid re-running this script phase.\necho \"SUCCESS\" > \"${SCRIPT_OUTPUT_FILE_0}\"\n";
			showEnvVarsInLog = 0;
		};
		ACD49B59CB76F3F1C395140A /* [CP] Embed Pods Frameworks */ = {
			isa = PBXShellScriptBuildPhase;
			buildActionMask = 2147483647;
			files = (
			);
			inputFileListPaths = (
				"${PODS_ROOT}/Target Support Files/Pods-Program_Scheduler-Program_SchedulerUITests/Pods-Program_Scheduler-Program_SchedulerUITests-frameworks-${CONFIGURATION}-input-files.xcfilelist",
			);
			name = "[CP] Embed Pods Frameworks";
			outputFileListPaths = (
				"${PODS_ROOT}/Target Support Files/Pods-Program_Scheduler-Program_SchedulerUITests/Pods-Program_Scheduler-Program_SchedulerUITests-frameworks-${CONFIGURATION}-output-files.xcfilelist",
			);
			runOnlyForDeploymentPostprocessing = 0;
			shellPath = /bin/sh;
			shellScript = "\"${PODS_ROOT}/Target Support Files/Pods-Program_Scheduler-Program_SchedulerUITests/Pods-Program_Scheduler-Program_SchedulerUITests-frameworks.sh\"\n";
			showEnvVarsInLog = 0;
		};
		B2C7A9ACDF569C92EDAB36BC /* [CP] Embed Pods Frameworks */ = {
			isa = PBXShellScriptBuildPhase;
			buildActionMask = 2147483647;
			files = (
			);
			inputFileListPaths = (
				"${PODS_ROOT}/Target Support Files/Pods-Program_Scheduler/Pods-Program_Scheduler-frameworks-${CONFIGURATION}-input-files.xcfilelist",
			);
			name = "[CP] Embed Pods Frameworks";
			outputFileListPaths = (
				"${PODS_ROOT}/Target Support Files/Pods-Program_Scheduler/Pods-Program_Scheduler-frameworks-${CONFIGURATION}-output-files.xcfilelist",
			);
			runOnlyForDeploymentPostprocessing = 0;
			shellPath = /bin/sh;
			shellScript = "\"${PODS_ROOT}/Target Support Files/Pods-Program_Scheduler/Pods-Program_Scheduler-frameworks.sh\"\n";
			showEnvVarsInLog = 0;
		};
		D41363F34DE92361DB295D76 /* [CP] Check Pods Manifest.lock */ = {
			isa = PBXShellScriptBuildPhase;
			buildActionMask = 2147483647;
			files = (
			);
			inputFileListPaths = (
			);
			inputPaths = (
				"${PODS_PODFILE_DIR_PATH}/Podfile.lock",
				"${PODS_ROOT}/Manifest.lock",
			);
			name = "[CP] Check Pods Manifest.lock";
			outputFileListPaths = (
			);
			outputPaths = (
				"$(DERIVED_FILE_DIR)/Pods-Program_SchedulerTests-checkManifestLockResult.txt",
			);
			runOnlyForDeploymentPostprocessing = 0;
			shellPath = /bin/sh;
			shellScript = "diff \"${PODS_PODFILE_DIR_PATH}/Podfile.lock\" \"${PODS_ROOT}/Manifest.lock\" > /dev/null\nif [ $? != 0 ] ; then\n    # print error to STDERR\n    echo \"error: The sandbox is not in sync with the Podfile.lock. Run 'pod install' or update your CocoaPods installation.\" >&2\n    exit 1\nfi\n# This output is used by Xcode 'outputs' to avoid re-running this script phase.\necho \"SUCCESS\" > \"${SCRIPT_OUTPUT_FILE_0}\"\n";
			showEnvVarsInLog = 0;
		};
/* End PBXShellScriptBuildPhase section */

/* Begin PBXSourcesBuildPhase section */
		C39DBD3624BCCF0D00FEBFCA /* Sources */ = {
			isa = PBXSourcesBuildPhase;
			buildActionMask = 2147483647;
			files = (
				C39DBD4524BCCF0D00FEBFCA /* ViewController.m in Sources */,
				C39DBD7E24BCE78E00FEBFCA /* TimelineViewController.m in Sources */,
				C39DBD3F24BCCF0D00FEBFCA /* AppDelegate.m in Sources */,
				C38A0D2924BE1B9600330524 /* Event.m in Sources */,
				C39DBD7824BCE5B600FEBFCA /* SignUpViewController.m in Sources */,
				C38A0D2C24BE36E700330524 /* Flow.m in Sources */,
				C39DBD5024BCCF0E00FEBFCA /* main.m in Sources */,
				C39DBD4224BCCF0D00FEBFCA /* SceneDelegate.m in Sources */,
				C39DBD7B24BCE63600FEBFCA /* SignUpViewController.m in Sources */,
				C39DBD7524BCD78100FEBFCA /* LoginViewController.m in Sources */,
			);
			runOnlyForDeploymentPostprocessing = 0;
		};
		C39DBD5124BCCF0E00FEBFCA /* Sources */ = {
			isa = PBXSourcesBuildPhase;
			buildActionMask = 2147483647;
			files = (
				C39DBD5A24BCCF0E00FEBFCA /* Program_SchedulerTests.m in Sources */,
			);
			runOnlyForDeploymentPostprocessing = 0;
		};
		C39DBD5C24BCCF0E00FEBFCA /* Sources */ = {
			isa = PBXSourcesBuildPhase;
			buildActionMask = 2147483647;
			files = (
				C39DBD6524BCCF0E00FEBFCA /* Program_SchedulerUITests.m in Sources */,
			);
			runOnlyForDeploymentPostprocessing = 0;
		};
/* End PBXSourcesBuildPhase section */

/* Begin PBXTargetDependency section */
		C39DBD5724BCCF0E00FEBFCA /* PBXTargetDependency */ = {
			isa = PBXTargetDependency;
			target = C39DBD3924BCCF0D00FEBFCA /* Program_Scheduler */;
			targetProxy = C39DBD5624BCCF0E00FEBFCA /* PBXContainerItemProxy */;
		};
		C39DBD6224BCCF0E00FEBFCA /* PBXTargetDependency */ = {
			isa = PBXTargetDependency;
			target = C39DBD3924BCCF0D00FEBFCA /* Program_Scheduler */;
			targetProxy = C39DBD6124BCCF0E00FEBFCA /* PBXContainerItemProxy */;
		};
/* End PBXTargetDependency section */

/* Begin PBXVariantGroup section */
		C39DBD4624BCCF0D00FEBFCA /* Main.storyboard */ = {
			isa = PBXVariantGroup;
			children = (
				C39DBD4724BCCF0D00FEBFCA /* Base */,
			);
			name = Main.storyboard;
			sourceTree = "<group>";
		};
		C39DBD4B24BCCF0E00FEBFCA /* LaunchScreen.storyboard */ = {
			isa = PBXVariantGroup;
			children = (
				C39DBD4C24BCCF0E00FEBFCA /* Base */,
			);
			name = LaunchScreen.storyboard;
			sourceTree = "<group>";
		};
/* End PBXVariantGroup section */

/* Begin XCBuildConfiguration section */
		C39DBD6724BCCF0E00FEBFCA /* Debug */ = {
			isa = XCBuildConfiguration;
			buildSettings = {
				ALWAYS_SEARCH_USER_PATHS = NO;
				CLANG_ANALYZER_NONNULL = YES;
				CLANG_ANALYZER_NUMBER_OBJECT_CONVERSION = YES_AGGRESSIVE;
				CLANG_CXX_LANGUAGE_STANDARD = "gnu++14";
				CLANG_CXX_LIBRARY = "libc++";
				CLANG_ENABLE_MODULES = YES;
				CLANG_ENABLE_OBJC_ARC = YES;
				CLANG_ENABLE_OBJC_WEAK = YES;
				CLANG_WARN_BLOCK_CAPTURE_AUTORELEASING = YES;
				CLANG_WARN_BOOL_CONVERSION = YES;
				CLANG_WARN_COMMA = YES;
				CLANG_WARN_CONSTANT_CONVERSION = YES;
				CLANG_WARN_DEPRECATED_OBJC_IMPLEMENTATIONS = YES;
				CLANG_WARN_DIRECT_OBJC_ISA_USAGE = YES_ERROR;
				CLANG_WARN_DOCUMENTATION_COMMENTS = YES;
				CLANG_WARN_EMPTY_BODY = YES;
				CLANG_WARN_ENUM_CONVERSION = YES;
				CLANG_WARN_INFINITE_RECURSION = YES;
				CLANG_WARN_INT_CONVERSION = YES;
				CLANG_WARN_NON_LITERAL_NULL_CONVERSION = YES;
				CLANG_WARN_OBJC_IMPLICIT_RETAIN_SELF = YES;
				CLANG_WARN_OBJC_LITERAL_CONVERSION = YES;
				CLANG_WARN_OBJC_ROOT_CLASS = YES_ERROR;
				CLANG_WARN_RANGE_LOOP_ANALYSIS = YES;
				CLANG_WARN_STRICT_PROTOTYPES = YES;
				CLANG_WARN_SUSPICIOUS_MOVE = YES;
				CLANG_WARN_UNGUARDED_AVAILABILITY = YES_AGGRESSIVE;
				CLANG_WARN_UNREACHABLE_CODE = YES;
				CLANG_WARN__DUPLICATE_METHOD_MATCH = YES;
				COPY_PHASE_STRIP = NO;
				DEBUG_INFORMATION_FORMAT = dwarf;
				ENABLE_STRICT_OBJC_MSGSEND = YES;
				ENABLE_TESTABILITY = YES;
				GCC_C_LANGUAGE_STANDARD = gnu11;
				GCC_DYNAMIC_NO_PIC = NO;
				GCC_NO_COMMON_BLOCKS = YES;
				GCC_OPTIMIZATION_LEVEL = 0;
				GCC_PREPROCESSOR_DEFINITIONS = (
					"DEBUG=1",
					"$(inherited)",
				);
				GCC_WARN_64_TO_32_BIT_CONVERSION = YES;
				GCC_WARN_ABOUT_RETURN_TYPE = YES_ERROR;
				GCC_WARN_UNDECLARED_SELECTOR = YES;
				GCC_WARN_UNINITIALIZED_AUTOS = YES_AGGRESSIVE;
				GCC_WARN_UNUSED_FUNCTION = YES;
				GCC_WARN_UNUSED_VARIABLE = YES;
				IPHONEOS_DEPLOYMENT_TARGET = 13.5;
				MTL_ENABLE_DEBUG_INFO = INCLUDE_SOURCE;
				MTL_FAST_MATH = YES;
				ONLY_ACTIVE_ARCH = YES;
				SDKROOT = iphoneos;
			};
			name = Debug;
		};
		C39DBD6824BCCF0E00FEBFCA /* Release */ = {
			isa = XCBuildConfiguration;
			buildSettings = {
				ALWAYS_SEARCH_USER_PATHS = NO;
				CLANG_ANALYZER_NONNULL = YES;
				CLANG_ANALYZER_NUMBER_OBJECT_CONVERSION = YES_AGGRESSIVE;
				CLANG_CXX_LANGUAGE_STANDARD = "gnu++14";
				CLANG_CXX_LIBRARY = "libc++";
				CLANG_ENABLE_MODULES = YES;
				CLANG_ENABLE_OBJC_ARC = YES;
				CLANG_ENABLE_OBJC_WEAK = YES;
				CLANG_WARN_BLOCK_CAPTURE_AUTORELEASING = YES;
				CLANG_WARN_BOOL_CONVERSION = YES;
				CLANG_WARN_COMMA = YES;
				CLANG_WARN_CONSTANT_CONVERSION = YES;
				CLANG_WARN_DEPRECATED_OBJC_IMPLEMENTATIONS = YES;
				CLANG_WARN_DIRECT_OBJC_ISA_USAGE = YES_ERROR;
				CLANG_WARN_DOCUMENTATION_COMMENTS = YES;
				CLANG_WARN_EMPTY_BODY = YES;
				CLANG_WARN_ENUM_CONVERSION = YES;
				CLANG_WARN_INFINITE_RECURSION = YES;
				CLANG_WARN_INT_CONVERSION = YES;
				CLANG_WARN_NON_LITERAL_NULL_CONVERSION = YES;
				CLANG_WARN_OBJC_IMPLICIT_RETAIN_SELF = YES;
				CLANG_WARN_OBJC_LITERAL_CONVERSION = YES;
				CLANG_WARN_OBJC_ROOT_CLASS = YES_ERROR;
				CLANG_WARN_RANGE_LOOP_ANALYSIS = YES;
				CLANG_WARN_STRICT_PROTOTYPES = YES;
				CLANG_WARN_SUSPICIOUS_MOVE = YES;
				CLANG_WARN_UNGUARDED_AVAILABILITY = YES_AGGRESSIVE;
				CLANG_WARN_UNREACHABLE_CODE = YES;
				CLANG_WARN__DUPLICATE_METHOD_MATCH = YES;
				COPY_PHASE_STRIP = NO;
				DEBUG_INFORMATION_FORMAT = "dwarf-with-dsym";
				ENABLE_NS_ASSERTIONS = NO;
				ENABLE_STRICT_OBJC_MSGSEND = YES;
				GCC_C_LANGUAGE_STANDARD = gnu11;
				GCC_NO_COMMON_BLOCKS = YES;
				GCC_WARN_64_TO_32_BIT_CONVERSION = YES;
				GCC_WARN_ABOUT_RETURN_TYPE = YES_ERROR;
				GCC_WARN_UNDECLARED_SELECTOR = YES;
				GCC_WARN_UNINITIALIZED_AUTOS = YES_AGGRESSIVE;
				GCC_WARN_UNUSED_FUNCTION = YES;
				GCC_WARN_UNUSED_VARIABLE = YES;
				IPHONEOS_DEPLOYMENT_TARGET = 13.5;
				MTL_ENABLE_DEBUG_INFO = NO;
				MTL_FAST_MATH = YES;
				SDKROOT = iphoneos;
				VALIDATE_PRODUCT = YES;
			};
			name = Release;
		};
		C39DBD6A24BCCF0E00FEBFCA /* Debug */ = {
			isa = XCBuildConfiguration;
			baseConfigurationReference = 2375B1045B7035EE4945D81D /* Pods-Program_Scheduler.debug.xcconfig */;
			buildSettings = {
				ASSETCATALOG_COMPILER_APPICON_NAME = AppIcon;
				CODE_SIGN_STYLE = Automatic;
				DEVELOPMENT_TEAM = ZHPB7CK3BT;
				INFOPLIST_FILE = Program_Scheduler/Info.plist;
				LD_RUNPATH_SEARCH_PATHS = (
					"$(inherited)",
					"@executable_path/Frameworks",
				);
				PRODUCT_BUNDLE_IDENTIFIER = "com.FBU.Program-Scheduler";
				PRODUCT_NAME = "$(TARGET_NAME)";
				TARGETED_DEVICE_FAMILY = "1,2";
			};
			name = Debug;
		};
		C39DBD6B24BCCF0E00FEBFCA /* Release */ = {
			isa = XCBuildConfiguration;
			baseConfigurationReference = 14FB070E9917C554336D5548 /* Pods-Program_Scheduler.release.xcconfig */;
			buildSettings = {
				ASSETCATALOG_COMPILER_APPICON_NAME = AppIcon;
				CODE_SIGN_STYLE = Automatic;
				DEVELOPMENT_TEAM = ZHPB7CK3BT;
				INFOPLIST_FILE = Program_Scheduler/Info.plist;
				LD_RUNPATH_SEARCH_PATHS = (
					"$(inherited)",
					"@executable_path/Frameworks",
				);
				PRODUCT_BUNDLE_IDENTIFIER = "com.FBU.Program-Scheduler";
				PRODUCT_NAME = "$(TARGET_NAME)";
				TARGETED_DEVICE_FAMILY = "1,2";
			};
			name = Release;
		};
		C39DBD6D24BCCF0E00FEBFCA /* Debug */ = {
			isa = XCBuildConfiguration;
			baseConfigurationReference = 59CA19CE66A7A5A79BEEBF18 /* Pods-Program_SchedulerTests.debug.xcconfig */;
			buildSettings = {
				BUNDLE_LOADER = "$(TEST_HOST)";
				CODE_SIGN_STYLE = Automatic;
				DEVELOPMENT_TEAM = ZHPB7CK3BT;
				INFOPLIST_FILE = Program_SchedulerTests/Info.plist;
				IPHONEOS_DEPLOYMENT_TARGET = 13.5;
				LD_RUNPATH_SEARCH_PATHS = (
					"$(inherited)",
					"@executable_path/Frameworks",
					"@loader_path/Frameworks",
				);
				PRODUCT_BUNDLE_IDENTIFIER = "com.FBU.Program-SchedulerTests";
				PRODUCT_NAME = "$(TARGET_NAME)";
				TARGETED_DEVICE_FAMILY = "1,2";
				TEST_HOST = "$(BUILT_PRODUCTS_DIR)/Program_Scheduler.app/Program_Scheduler";
			};
			name = Debug;
		};
		C39DBD6E24BCCF0E00FEBFCA /* Release */ = {
			isa = XCBuildConfiguration;
			baseConfigurationReference = 3454A5F9DE5AA44F6D28B8F1 /* Pods-Program_SchedulerTests.release.xcconfig */;
			buildSettings = {
				BUNDLE_LOADER = "$(TEST_HOST)";
				CODE_SIGN_STYLE = Automatic;
				DEVELOPMENT_TEAM = ZHPB7CK3BT;
				INFOPLIST_FILE = Program_SchedulerTests/Info.plist;
				IPHONEOS_DEPLOYMENT_TARGET = 13.5;
				LD_RUNPATH_SEARCH_PATHS = (
					"$(inherited)",
					"@executable_path/Frameworks",
					"@loader_path/Frameworks",
				);
				PRODUCT_BUNDLE_IDENTIFIER = "com.FBU.Program-SchedulerTests";
				PRODUCT_NAME = "$(TARGET_NAME)";
				TARGETED_DEVICE_FAMILY = "1,2";
				TEST_HOST = "$(BUILT_PRODUCTS_DIR)/Program_Scheduler.app/Program_Scheduler";
			};
			name = Release;
		};
		C39DBD7024BCCF0E00FEBFCA /* Debug */ = {
			isa = XCBuildConfiguration;
			baseConfigurationReference = A6BC7EE9AB36465943701E85 /* Pods-Program_Scheduler-Program_SchedulerUITests.debug.xcconfig */;
			buildSettings = {
				CODE_SIGN_STYLE = Automatic;
				DEVELOPMENT_TEAM = ZHPB7CK3BT;
				INFOPLIST_FILE = Program_SchedulerUITests/Info.plist;
				LD_RUNPATH_SEARCH_PATHS = (
					"$(inherited)",
					"@executable_path/Frameworks",
					"@loader_path/Frameworks",
				);
				PRODUCT_BUNDLE_IDENTIFIER = "com.FBU.Program-SchedulerUITests";
				PRODUCT_NAME = "$(TARGET_NAME)";
				TARGETED_DEVICE_FAMILY = "1,2";
				TEST_TARGET_NAME = Program_Scheduler;
			};
			name = Debug;
		};
		C39DBD7124BCCF0E00FEBFCA /* Release */ = {
			isa = XCBuildConfiguration;
			baseConfigurationReference = 14178CC553280D828BFF55CE /* Pods-Program_Scheduler-Program_SchedulerUITests.release.xcconfig */;
			buildSettings = {
				CODE_SIGN_STYLE = Automatic;
				DEVELOPMENT_TEAM = ZHPB7CK3BT;
				INFOPLIST_FILE = Program_SchedulerUITests/Info.plist;
				LD_RUNPATH_SEARCH_PATHS = (
					"$(inherited)",
					"@executable_path/Frameworks",
					"@loader_path/Frameworks",
				);
				PRODUCT_BUNDLE_IDENTIFIER = "com.FBU.Program-SchedulerUITests";
				PRODUCT_NAME = "$(TARGET_NAME)";
				TARGETED_DEVICE_FAMILY = "1,2";
				TEST_TARGET_NAME = Program_Scheduler;
			};
			name = Release;
		};
/* End XCBuildConfiguration section */

/* Begin XCConfigurationList section */
		C39DBD3524BCCF0D00FEBFCA /* Build configuration list for PBXProject "Program_Scheduler" */ = {
			isa = XCConfigurationList;
			buildConfigurations = (
				C39DBD6724BCCF0E00FEBFCA /* Debug */,
				C39DBD6824BCCF0E00FEBFCA /* Release */,
			);
			defaultConfigurationIsVisible = 0;
			defaultConfigurationName = Release;
		};
		C39DBD6924BCCF0E00FEBFCA /* Build configuration list for PBXNativeTarget "Program_Scheduler" */ = {
			isa = XCConfigurationList;
			buildConfigurations = (
				C39DBD6A24BCCF0E00FEBFCA /* Debug */,
				C39DBD6B24BCCF0E00FEBFCA /* Release */,
			);
			defaultConfigurationIsVisible = 0;
			defaultConfigurationName = Release;
		};
		C39DBD6C24BCCF0E00FEBFCA /* Build configuration list for PBXNativeTarget "Program_SchedulerTests" */ = {
			isa = XCConfigurationList;
			buildConfigurations = (
				C39DBD6D24BCCF0E00FEBFCA /* Debug */,
				C39DBD6E24BCCF0E00FEBFCA /* Release */,
			);
			defaultConfigurationIsVisible = 0;
			defaultConfigurationName = Release;
		};
		C39DBD6F24BCCF0E00FEBFCA /* Build configuration list for PBXNativeTarget "Program_SchedulerUITests" */ = {
			isa = XCConfigurationList;
			buildConfigurations = (
				C39DBD7024BCCF0E00FEBFCA /* Debug */,
				C39DBD7124BCCF0E00FEBFCA /* Release */,
			);
			defaultConfigurationIsVisible = 0;
			defaultConfigurationName = Release;
		};
/* End XCConfigurationList section */
	};
	rootObject = C39DBD3224BCCF0D00FEBFCA /* Project object */;
}
